
Microsoft Visual Studio Solution File, Format Version 12.00
# Visual Studio Version 17
VisualStudioVersion = 17.0.31903.59
MinimumVisualStudioVersion = 10.0.40219.1
Project("{2150E333-8FDC-42A3-9474-1A3956D46DE8}") = "src", "src", "{827E0CD3-B72D-47B6-A68D-7590B98EB39B}"
EndProject
Project("{FAE04EC0-301F-11D3-BF4B-00C04F79EFBC}") = "Automation.Core", "src\Automation.Core\Automation.Core.csproj", "{4602256A-CC1A-43F7-825C-210E0B3A9654}"
EndProject
Project("{FAE04EC0-301F-11D3-BF4B-00C04F79EFBC}") = "Automation.Reqnroll", "src\Automation.Reqnroll\Automation.Reqnroll.csproj", "{B169ADCC-8773-41B9-9181-255DB4C23D9C}"
EndProject
Project("{FAE04EC0-301F-11D3-BF4B-00C04F79EFBC}") = "Automation.Validator", "src\Automation.Validator\Automation.Validator.csproj", "{AB24CA3A-D409-2671-5E02-51227F1CFC18}"
EndProject
Global
	GlobalSection(SolutionConfigurationPlatforms) = preSolution
		Debug|Any CPU = Debug|Any CPU
		Release|Any CPU = Release|Any CPU
	EndGlobalSection
	GlobalSection(SolutionProperties) = preSolution
		HideSolutionNode = FALSE
	EndGlobalSection
	GlobalSection(ProjectConfigurationPlatforms) = postSolution
		{4602256A-CC1A-43F7-825C-210E0B3A9654}.Debug|Any CPU.ActiveCfg = Debug|Any CPU
		{4602256A-CC1A-43F7-825C-210E0B3A9654}.Debug|Any CPU.Build.0 = Debug|Any CPU
		{4602256A-CC1A-43F7-825C-210E0B3A9654}.Release|Any CPU.ActiveCfg = Release|Any CPU
		{4602256A-CC1A-43F7-825C-210E0B3A9654}.Release|Any CPU.Build.0 = Release|Any CPU
		{B169ADCC-8773-41B9-9181-255DB4C23D9C}.Debug|Any CPU.ActiveCfg = Debug|Any CPU
		{B169ADCC-8773-41B9-9181-255DB4C23D9C}.Debug|Any CPU.Build.0 = Debug|Any CPU
		{B169ADCC-8773-41B9-9181-255DB4C23D9C}.Release|Any CPU.ActiveCfg = Release|Any CPU
		{B169ADCC-8773-41B9-9181-255DB4C23D9C}.Release|Any CPU.Build.0 = Release|Any CPU
		{970FCEEC-D2A9-485D-A692-4058EAF3AB07}.Debug|Any CPU.ActiveCfg = Debug|Any CPU
		{970FCEEC-D2A9-485D-A692-4058EAF3AB07}.Debug|Any CPU.Build.0 = Debug|Any CPU
		{970FCEEC-D2A9-485D-A692-4058EAF3AB07}.Release|Any CPU.ActiveCfg = Release|Any CPU
		{970FCEEC-D2A9-485D-A692-4058EAF3AB07}.Release|Any CPU.Build.0 = Release|Any CPU
	EndGlobalSection
EndGlobal
